
Microsoft Visual Studio Solution File, Format Version 12.00
# Visual Studio 2012
Project("{FAE04EC0-301F-11D3-BF4B-00C04F79EFBC}") = "NumericSequenceCalculator.Domain", "src\NumericSequenceCalculator.Domain\NumericSequenceCalculator.Domain.csproj", "{EFF8178D-6FAC-41E3-A719-7E7ECEFB9371}"
EndProject
Project("{FAE04EC0-301F-11D3-BF4B-00C04F79EFBC}") = "NumericSequenceCalculator.Tests", "src\NumericSequenceCalculator.Tests\NumericSequenceCalculator.Tests.csproj", "{7C1A7BA3-B270-487A-8FC9-D4D3429E0F5E}"
EndProject
Project("{FAE04EC0-301F-11D3-BF4B-00C04F79EFBC}") = "NumericSequenceCalculator.DomainLogic", "src\NumericSequenceCalculator.DomainLogic\NumericSequenceCalculator.DomainLogic.csproj", "{DFADD2F9-8F93-4679-AF31-0F632F86014C}"
EndProject
Project("{FAE04EC0-301F-11D3-BF4B-00C04F79EFBC}") = "NumericSequenceCalculator.WebApi", "src\NumericSequenceCalculator.WebApi\NumericSequenceCalculator.WebApi.csproj", "{2783AFD7-D794-41E6-8BEA-D47447ACD779}"
EndProject
Global
	GlobalSection(SolutionConfigurationPlatforms) = preSolution
		Debug|Any CPU = Debug|Any CPU
		Release|Any CPU = Release|Any CPU
	EndGlobalSection
	GlobalSection(ProjectConfigurationPlatforms) = postSolution
		{EFF8178D-6FAC-41E3-A719-7E7ECEFB9371}.Debug|Any CPU.ActiveCfg = Debug|Any CPU
		{EFF8178D-6FAC-41E3-A719-7E7ECEFB9371}.Debug|Any CPU.Build.0 = Debug|Any CPU
		{EFF8178D-6FAC-41E3-A719-7E7ECEFB9371}.Release|Any CPU.ActiveCfg = Release|Any CPU
		{EFF8178D-6FAC-41E3-A719-7E7ECEFB9371}.Release|Any CPU.Build.0 = Release|Any CPU
		{7C1A7BA3-B270-487A-8FC9-D4D3429E0F5E}.Debug|Any CPU.ActiveCfg = Debug|Any CPU
		{7C1A7BA3-B270-487A-8FC9-D4D3429E0F5E}.Debug|Any CPU.Build.0 = Debug|Any CPU
		{7C1A7BA3-B270-487A-8FC9-D4D3429E0F5E}.Release|Any CPU.ActiveCfg = Release|Any CPU
		{7C1A7BA3-B270-487A-8FC9-D4D3429E0F5E}.Release|Any CPU.Build.0 = Release|Any CPU
		{DFADD2F9-8F93-4679-AF31-0F632F86014C}.Debug|Any CPU.ActiveCfg = Debug|Any CPU
		{DFADD2F9-8F93-4679-AF31-0F632F86014C}.Debug|Any CPU.Build.0 = Debug|Any CPU
		{DFADD2F9-8F93-4679-AF31-0F632F86014C}.Release|Any CPU.ActiveCfg = Release|Any CPU
		{DFADD2F9-8F93-4679-AF31-0F632F86014C}.Release|Any CPU.Build.0 = Release|Any CPU
		{2783AFD7-D794-41E6-8BEA-D47447ACD779}.Debug|Any CPU.ActiveCfg = Debug|Any CPU
		{2783AFD7-D794-41E6-8BEA-D47447ACD779}.Debug|Any CPU.Build.0 = Debug|Any CPU
		{2783AFD7-D794-41E6-8BEA-D47447ACD779}.Release|Any CPU.ActiveCfg = Release|Any CPU
		{2783AFD7-D794-41E6-8BEA-D47447ACD779}.Release|Any CPU.Build.0 = Release|Any CPU
	EndGlobalSection
	GlobalSection(SolutionProperties) = preSolution
		HideSolutionNode = FALSE
	EndGlobalSection
EndGlobal
